
Microsoft Visual Studio Solution File, Format Version 12.00
# Visual Studio Version 17
VisualStudioVersion = 17.5.002.0
MinimumVisualStudioVersion = 10.0.40219.1
Project("{9A19103F-16F7-4668-BE54-9A1E7A4F7556}") = "Factory", "Factory.csproj", "{BFBB11D2-2508-4D1C-8079-FA7884FC2815}"
EndProject
Global
	GlobalSection(SolutionConfigurationPlatforms) = preSolution
		Debug|Any CPU = Debug|Any CPU
		Release|Any CPU = Release|Any CPU
	EndGlobalSection
	GlobalSection(ProjectConfigurationPlatforms) = postSolution
		{BFBB11D2-2508-4D1C-8079-FA7884FC2815}.Debug|Any CPU.ActiveCfg = Debug|Any CPU
		{BFBB11D2-2508-4D1C-8079-FA7884FC2815}.Debug|Any CPU.Build.0 = Debug|Any CPU
		{BFBB11D2-2508-4D1C-8079-FA7884FC2815}.Release|Any CPU.ActiveCfg = Release|Any CPU
		{BFBB11D2-2508-4D1C-8079-FA7884FC2815}.Release|Any CPU.Build.0 = Release|Any CPU
	EndGlobalSection
	GlobalSection(SolutionProperties) = preSolution
		HideSolutionNode = FALSE
	EndGlobalSection
	GlobalSection(ExtensibilityGlobals) = postSolution
		SolutionGuid = {AB6DB268-41CE-4B8B-A76A-1515011FC4D9}
	EndGlobalSection
EndGlobal
